{
  "name": "05_01_agent_graph",
  "version": "0.0.1",
  "lockfileVersion": 3,
  "requires": true,
  "packages": {
    "": {
      "name": "05_01_agent_graph",
      "version": "0.0.1",
      "dependencies": {
        "cytoscape": "^3.33.1",
        "cytoscape-elk": "^2.3.0",
        "elkjs": "^0.11.1",
        "openai": "^6.31.0"
      },
      "devDependencies": {
        "@types/node": "^25.5.0",
        "typescript": "^5.7.0"
      }
    },
    "node_modules/@types/node": {
      "version": "25.5.0",
      "dev": true,
      "license": "MIT",
      "dependencies": {
        "undici-types": "~7.18.0"
      }
    },
    "node_modules/cytoscape": {
      "version": "3.33.1",
      "license": "MIT",
      "engines": {
        "node": ">=0.10"
      }
    },
    "node_modules/cytoscape-elk": {
      "version": "2.3.0",
      "license": "MIT",
      "dependencies": {
        "elkjs": "^0.9.3"
      },
      "peerDependencies": {
        "cytoscape": "^3.2.0"
      }
    },
    "node_modules/cytoscape-elk/node_modules/elkjs": {
      "version": "0.9.3",
      "license": "EPL-2.0"
    },
    "node_modules/elkjs": {
      "version": "0.11.1",
      "license": "EPL-2.0"
    },
    "node_modules/openai": {
      "version": "6.31.0",
      "license": "Apache-2.0",
      "bin": {
        "openai": "bin/cli"
      },
      "peerDependencies": {
        "ws": "^8.18.0",
        "zod": "^3.25 || ^4.0"
      },
      "peerDependenciesMeta": {
        "ws": {
          "optional": true
        },
        "zod": {
          "optional": true
        }
      }
    },
    "node_modules/typescript": {
      "version": "5.9.3",
      "dev": true,
      "license": "Apache-2.0",
      "bin": {
        "tsc": "bin/tsc",
        "tsserver": "bin/tsserver"
      },
      "engines": {
        "node": ">=14.17"
      }
    },
    "node_modules/undici-types": {
      "version": "7.18.2",
      "dev": true,
      "license": "MIT"
    }
  }
}
